
Microsoft Visual Studio Solution File, Format Version 12.00
# Visual Studio 14
VisualStudioVersion = 14.0.25123.0
MinimumVisualStudioVersion = 10.0.40219.1
Project("{2150E333-8FDC-42A3-9474-1A3956D46DE8}") = "Solution Items", "Solution Items", "{EA355281-0B77-473E-823E-C199B09B7753}"
	ProjectSection(SolutionItems) = preProject
		SOS-Algoritmasi.txt = SOS-Algoritmasi.txt
		strateji-oyunu-projesi.txt = strateji-oyunu-projesi.txt
		Yapılacaklar.txt = Yapılacaklar.txt
	EndProjectSection
EndProject
Project("{FAE04EC0-301F-11D3-BF4B-00C04F79EFBC}") = "OrmLayer", "OrmLayer\OrmLayer.csproj", "{130CFD58-9CEB-4179-B9F8-E56FF1FDB551}"
EndProject
Project("{FAE04EC0-301F-11D3-BF4B-00C04F79EFBC}") = "BusinessLayer", "BusinessLayer\BusinessLayer.csproj", "{D400A882-E882-485F-81A3-EA884FB90C95}"
EndProject
Project("{FAE04EC0-301F-11D3-BF4B-00C04F79EFBC}") = "UILayer", "UILayer\UILayer.csproj", "{004D97FA-5A1C-47A0-90A0-784F29C47371}"
EndProject
Project("{FAE04EC0-301F-11D3-BF4B-00C04F79EFBC}") = "Models", "DataLayer\Models.csproj", "{299E48E3-91DA-4047-9948-E37BA87D4569}"
EndProject
Project("{FAE04EC0-301F-11D3-BF4B-00C04F79EFBC}") = "Contracts", "Contracts\Contracts.csproj", "{8ED0AE71-514B-4DCC-B662-D6B3446E65C8}"
EndProject
Project("{FAE04EC0-301F-11D3-BF4B-00C04F79EFBC}") = "Repository", "Repositorys\Repository.csproj", "{B11B3246-0082-40D3-90CB-5AECD93E8AC8}"
EndProject
Global
	GlobalSection(SolutionConfigurationPlatforms) = preSolution
		Debug|Any CPU = Debug|Any CPU
		Release|Any CPU = Release|Any CPU
	EndGlobalSection
	GlobalSection(ProjectConfigurationPlatforms) = postSolution
		{130CFD58-9CEB-4179-B9F8-E56FF1FDB551}.Debug|Any CPU.ActiveCfg = Debug|Any CPU
		{130CFD58-9CEB-4179-B9F8-E56FF1FDB551}.Debug|Any CPU.Build.0 = Debug|Any CPU
		{130CFD58-9CEB-4179-B9F8-E56FF1FDB551}.Release|Any CPU.ActiveCfg = Release|Any CPU
		{130CFD58-9CEB-4179-B9F8-E56FF1FDB551}.Release|Any CPU.Build.0 = Release|Any CPU
		{D400A882-E882-485F-81A3-EA884FB90C95}.Debug|Any CPU.ActiveCfg = Debug|Any CPU
		{D400A882-E882-485F-81A3-EA884FB90C95}.Debug|Any CPU.Build.0 = Debug|Any CPU
		{D400A882-E882-485F-81A3-EA884FB90C95}.Release|Any CPU.ActiveCfg = Release|Any CPU
		{D400A882-E882-485F-81A3-EA884FB90C95}.Release|Any CPU.Build.0 = Release|Any CPU
		{004D97FA-5A1C-47A0-90A0-784F29C47371}.Debug|Any CPU.ActiveCfg = Debug|Any CPU
		{004D97FA-5A1C-47A0-90A0-784F29C47371}.Debug|Any CPU.Build.0 = Debug|Any CPU
		{004D97FA-5A1C-47A0-90A0-784F29C47371}.Release|Any CPU.ActiveCfg = Release|Any CPU
		{004D97FA-5A1C-47A0-90A0-784F29C47371}.Release|Any CPU.Build.0 = Release|Any CPU
		{299E48E3-91DA-4047-9948-E37BA87D4569}.Debug|Any CPU.ActiveCfg = Debug|Any CPU
		{299E48E3-91DA-4047-9948-E37BA87D4569}.Debug|Any CPU.Build.0 = Debug|Any CPU
		{299E48E3-91DA-4047-9948-E37BA87D4569}.Release|Any CPU.ActiveCfg = Release|Any CPU
		{299E48E3-91DA-4047-9948-E37BA87D4569}.Release|Any CPU.Build.0 = Release|Any CPU
		{8ED0AE71-514B-4DCC-B662-D6B3446E65C8}.Debug|Any CPU.ActiveCfg = Debug|Any CPU
		{8ED0AE71-514B-4DCC-B662-D6B3446E65C8}.Debug|Any CPU.Build.0 = Debug|Any CPU
		{8ED0AE71-514B-4DCC-B662-D6B3446E65C8}.Release|Any CPU.ActiveCfg = Release|Any CPU
		{8ED0AE71-514B-4DCC-B662-D6B3446E65C8}.Release|Any CPU.Build.0 = Release|Any CPU
		{B11B3246-0082-40D3-90CB-5AECD93E8AC8}.Debug|Any CPU.ActiveCfg = Debug|Any CPU
		{B11B3246-0082-40D3-90CB-5AECD93E8AC8}.Debug|Any CPU.Build.0 = Debug|Any CPU
		{B11B3246-0082-40D3-90CB-5AECD93E8AC8}.Release|Any CPU.ActiveCfg = Release|Any CPU
		{B11B3246-0082-40D3-90CB-5AECD93E8AC8}.Release|Any CPU.Build.0 = Release|Any CPU
	EndGlobalSection
	GlobalSection(SolutionProperties) = preSolution
		HideSolutionNode = FALSE
	EndGlobalSection
EndGlobal
