
Microsoft Visual Studio Solution File, Format Version 12.00
# Visual Studio 14
VisualStudioVersion = 14.0.25123.0
MinimumVisualStudioVersion = 10.0.40219.1
Project("{2150E333-8FDC-42A3-9474-1A3956D46DE8}") = "Solution Items", "Solution Items", "{EA355281-0B77-473E-823E-C199B09B7753}"
	ProjectSection(SolutionItems) = preProject
		strateji-oyunu-projesi.txt = strateji-oyunu-projesi.txt
	EndProjectSection
EndProject
Project("{FAE04EC0-301F-11D3-BF4B-00C04F79EFBC}") = "DataLayer", "DataLayer\DataLayer.csproj", "{824E5D54-858B-45ED-B0D4-D45546C2CDCC}"
EndProject
Project("{FAE04EC0-301F-11D3-BF4B-00C04F79EFBC}") = "OrmLayer", "OrmLayer\OrmLayer.csproj", "{130CFD58-9CEB-4179-B9F8-E56FF1FDB551}"
EndProject
Project("{FAE04EC0-301F-11D3-BF4B-00C04F79EFBC}") = "BusinessLayer", "BusinessLayer\BusinessLayer.csproj", "{D400A882-E882-485F-81A3-EA884FB90C95}"
EndProject
Project("{FAE04EC0-301F-11D3-BF4B-00C04F79EFBC}") = "UILayer", "UILayer\UILayer.csproj", "{85AABC21-A1D3-4EEC-9D9F-9672347E9509}"
EndProject
Global
	GlobalSection(SolutionConfigurationPlatforms) = preSolution
		Debug|Any CPU = Debug|Any CPU
		Release|Any CPU = Release|Any CPU
	EndGlobalSection
	GlobalSection(ProjectConfigurationPlatforms) = postSolution
		{824E5D54-858B-45ED-B0D4-D45546C2CDCC}.Debug|Any CPU.ActiveCfg = Debug|Any CPU
		{824E5D54-858B-45ED-B0D4-D45546C2CDCC}.Debug|Any CPU.Build.0 = Debug|Any CPU
		{824E5D54-858B-45ED-B0D4-D45546C2CDCC}.Release|Any CPU.ActiveCfg = Release|Any CPU
		{824E5D54-858B-45ED-B0D4-D45546C2CDCC}.Release|Any CPU.Build.0 = Release|Any CPU
		{130CFD58-9CEB-4179-B9F8-E56FF1FDB551}.Debug|Any CPU.ActiveCfg = Debug|Any CPU
		{130CFD58-9CEB-4179-B9F8-E56FF1FDB551}.Debug|Any CPU.Build.0 = Debug|Any CPU
		{130CFD58-9CEB-4179-B9F8-E56FF1FDB551}.Release|Any CPU.ActiveCfg = Release|Any CPU
		{130CFD58-9CEB-4179-B9F8-E56FF1FDB551}.Release|Any CPU.Build.0 = Release|Any CPU
		{D400A882-E882-485F-81A3-EA884FB90C95}.Debug|Any CPU.ActiveCfg = Debug|Any CPU
		{D400A882-E882-485F-81A3-EA884FB90C95}.Debug|Any CPU.Build.0 = Debug|Any CPU
		{D400A882-E882-485F-81A3-EA884FB90C95}.Release|Any CPU.ActiveCfg = Release|Any CPU
		{D400A882-E882-485F-81A3-EA884FB90C95}.Release|Any CPU.Build.0 = Release|Any CPU
		{85AABC21-A1D3-4EEC-9D9F-9672347E9509}.Debug|Any CPU.ActiveCfg = Debug|Any CPU
		{85AABC21-A1D3-4EEC-9D9F-9672347E9509}.Debug|Any CPU.Build.0 = Debug|Any CPU
		{85AABC21-A1D3-4EEC-9D9F-9672347E9509}.Release|Any CPU.ActiveCfg = Release|Any CPU
		{85AABC21-A1D3-4EEC-9D9F-9672347E9509}.Release|Any CPU.Build.0 = Release|Any CPU
	EndGlobalSection
	GlobalSection(SolutionProperties) = preSolution
		HideSolutionNode = FALSE
	EndGlobalSection
EndGlobal
